
Microsoft Visual Studio Solution File, Format Version 12.00
# Visual Studio Version 17
VisualStudioVersion = 17.10.35027.167
MinimumVisualStudioVersion = 10.0.40219.1
Project("{9A19103F-16F7-4668-BE54-9A1E7A4F7556}") = "FormsApp", "FormsApp.csproj", "{EE1C31C4-1A58-415F-A647-55E53B1C9461}"
EndProject
Global
	GlobalSection(SolutionConfigurationPlatforms) = preSolution
		Debug|Any CPU = Debug|Any CPU
		Release|Any CPU = Release|Any CPU
	EndGlobalSection
	GlobalSection(ProjectConfigurationPlatforms) = postSolution
		{EE1C31C4-1A58-415F-A647-55E53B1C9461}.Debug|Any CPU.ActiveCfg = Debug|Any CPU
		{EE1C31C4-1A58-415F-A647-55E53B1C9461}.Debug|Any CPU.Build.0 = Debug|Any CPU
		{EE1C31C4-1A58-415F-A647-55E53B1C9461}.Release|Any CPU.ActiveCfg = Release|Any CPU
		{EE1C31C4-1A58-415F-A647-55E53B1C9461}.Release|Any CPU.Build.0 = Release|Any CPU
	EndGlobalSection
	GlobalSection(SolutionProperties) = preSolution
		HideSolutionNode = FALSE
	EndGlobalSection
	GlobalSection(ExtensibilityGlobals) = postSolution
		SolutionGuid = {EA81B502-B899-483F-8B28-45FA587C70AE}
	EndGlobalSection
EndGlobal
